
Microsoft Visual Studio Solution File, Format Version 12.00
# Visual Studio 15
VisualStudioVersion = 15.0.28010.2050
MinimumVisualStudioVersion = 10.0.40219.1
Project("{FAE04EC0-301F-11D3-BF4B-00C04F79EFBC}") = "ConsoleApp6", "ConsoleApp6\ConsoleApp6.csproj", "{45F90BA4-E53C-4327-A238-21CB26551C77}"
EndProject
Global
	GlobalSection(SolutionConfigurationPlatforms) = preSolution
		Debug|Any CPU = Debug|Any CPU
		Release|Any CPU = Release|Any CPU
	EndGlobalSection
	GlobalSection(ProjectConfigurationPlatforms) = postSolution
		{45F90BA4-E53C-4327-A238-21CB26551C77}.Debug|Any CPU.ActiveCfg = Debug|Any CPU
		{45F90BA4-E53C-4327-A238-21CB26551C77}.Debug|Any CPU.Build.0 = Debug|Any CPU
		{45F90BA4-E53C-4327-A238-21CB26551C77}.Release|Any CPU.ActiveCfg = Release|Any CPU
		{45F90BA4-E53C-4327-A238-21CB26551C77}.Release|Any CPU.Build.0 = Release|Any CPU
	EndGlobalSection
	GlobalSection(SolutionProperties) = preSolution
		HideSolutionNode = FALSE
	EndGlobalSection
	GlobalSection(ExtensibilityGlobals) = postSolution
		SolutionGuid = {30EBD8B2-F1E8-4D65-9A7A-9D24C5928B68}
	EndGlobalSection
EndGlobal
