
Microsoft Visual Studio Solution File, Format Version 12.00
# Visual Studio 15
VisualStudioVersion = 15.0.28010.2050
MinimumVisualStudioVersion = 10.0.40219.1
Project("{FAE04EC0-301F-11D3-BF4B-00C04F79EFBC}") = "ConsoleApp1", "ConsoleApp1\ConsoleApp1.csproj", "{24876B71-D75C-4F06-8218-EEE63E172E5E}"
EndProject
Global
	GlobalSection(SolutionConfigurationPlatforms) = preSolution
		Debug|Any CPU = Debug|Any CPU
		Release|Any CPU = Release|Any CPU
	EndGlobalSection
	GlobalSection(ProjectConfigurationPlatforms) = postSolution
		{24876B71-D75C-4F06-8218-EEE63E172E5E}.Debug|Any CPU.ActiveCfg = Debug|Any CPU
		{24876B71-D75C-4F06-8218-EEE63E172E5E}.Debug|Any CPU.Build.0 = Debug|Any CPU
		{24876B71-D75C-4F06-8218-EEE63E172E5E}.Release|Any CPU.ActiveCfg = Release|Any CPU
		{24876B71-D75C-4F06-8218-EEE63E172E5E}.Release|Any CPU.Build.0 = Release|Any CPU
	EndGlobalSection
	GlobalSection(SolutionProperties) = preSolution
		HideSolutionNode = FALSE
	EndGlobalSection
	GlobalSection(ExtensibilityGlobals) = postSolution
		SolutionGuid = {E2132A9B-5C04-412E-B3CD-F3F23DC67AD2}
	EndGlobalSection
EndGlobal
